
Microsoft Visual Studio Solution File, Format Version 12.00
# Visual Studio 14
VisualStudioVersion = 14.0.25420.1
MinimumVisualStudioVersion = 10.0.40219.1
Project("{FAE04EC0-301F-11D3-BF4B-00C04F79EFBC}") = "GameNet", "GameNet\GameNet.csproj", "{5985D9D9-72A2-4DB3-AA77-E195BF2EF3C3}"
EndProject
Global
	GlobalSection(SolutionConfigurationPlatforms) = preSolution
		Debug|Any CPU = Debug|Any CPU
		Release|Any CPU = Release|Any CPU
	EndGlobalSection
	GlobalSection(ProjectConfigurationPlatforms) = postSolution
		{5985D9D9-72A2-4DB3-AA77-E195BF2EF3C3}.Debug|Any CPU.ActiveCfg = Debug|Any CPU
		{5985D9D9-72A2-4DB3-AA77-E195BF2EF3C3}.Debug|Any CPU.Build.0 = Debug|Any CPU
		{5985D9D9-72A2-4DB3-AA77-E195BF2EF3C3}.Release|Any CPU.ActiveCfg = Release|Any CPU
		{5985D9D9-72A2-4DB3-AA77-E195BF2EF3C3}.Release|Any CPU.Build.0 = Release|Any CPU
	EndGlobalSection
	GlobalSection(SolutionProperties) = preSolution
		HideSolutionNode = FALSE
	EndGlobalSection
EndGlobal
